// !$*UTF8*$!
{
	archiveVersion = 1;
	classes = {
	};
	objectVersion = 50;
	objects = {

/* Begin PBXBuildFile section */
		A9475CAE3CA59ABED9422E06 /* Pods_Todoey.framework in Frameworks */ = {isa = PBXBuildFile; fileRef = F5145D3522B0880CD8737CF3 /* Pods_Todoey.framework */; };
		C803EAA9211203E300D7A0DB /* AppDelegate.swift in Sources */ = {isa = PBXBuildFile; fileRef = C803EAA8211203E300D7A0DB /* AppDelegate.swift */; };
		C803EAAB211203E300D7A0DB /* ToDoListViewController.swift in Sources */ = {isa = PBXBuildFile; fileRef = C803EAAA211203E300D7A0DB /* ToDoListViewController.swift */; };
		C803EAAE211203E300D7A0DB /* Main.storyboard in Resources */ = {isa = PBXBuildFile; fileRef = C803EAAC211203E300D7A0DB /* Main.storyboard */; };
		C803EAB0211203E500D7A0DB /* Assets.xcassets in Resources */ = {isa = PBXBuildFile; fileRef = C803EAAF211203E500D7A0DB /* Assets.xcassets */; };
		C803EAB3211203E500D7A0DB /* LaunchScreen.storyboard in Resources */ = {isa = PBXBuildFile; fileRef = C803EAB1211203E500D7A0DB /* LaunchScreen.storyboard */; };
		C808D0FC212EF4A20092CCD8 /* SwipeTableViewController.swift in Sources */ = {isa = PBXBuildFile; fileRef = C808D0FB212EF4A20092CCD8 /* SwipeTableViewController.swift */; };
		C88C74BC212D8D7900B048DF /* Item.swift in Sources */ = {isa = PBXBuildFile; fileRef = C88C74BB212D8D7900B048DF /* Item.swift */; };
		C88C74BE212D8D8500B048DF /* Category.swift in Sources */ = {isa = PBXBuildFile; fileRef = C88C74BD212D8D8500B048DF /* Category.swift */; };
		C8EE9B62212B20A2007F7366 /* CategoryViewController.swift in Sources */ = {isa = PBXBuildFile; fileRef = C8EE9B61212B20A2007F7366 /* CategoryViewController.swift */; };
/* End PBXBuildFile section */

/* Begin PBXFileReference section */
		63A431A55E262113F9F55573 /* Pods-Todoey.release.xcconfig */ = {isa = PBXFileReference; includeInIndex = 1; lastKnownFileType = text.xcconfig; name = "Pods-Todoey.release.xcconfig"; path = "Pods/Target Support Files/Pods-Todoey/Pods-Todoey.release.xcconfig"; sourceTree = "<group>"; };
		B1EAB368CC315376EE0C2FFF /* Pods-Todoey.debug.xcconfig */ = {isa = PBXFileReference; includeInIndex = 1; lastKnownFileType = text.xcconfig; name = "Pods-Todoey.debug.xcconfig"; path = "Pods/Target Support Files/Pods-Todoey/Pods-Todoey.debug.xcconfig"; sourceTree = "<group>"; };
		C803EAA5211203E300D7A0DB /* Todoey.app */ = {isa = PBXFileReference; explicitFileType = wrapper.application; includeInIndex = 0; path = Todoey.app; sourceTree = BUILT_PRODUCTS_DIR; };
		C803EAA8211203E300D7A0DB /* AppDelegate.swift */ = {isa = PBXFileReference; lastKnownFileType = sourcecode.swift; path = AppDelegate.swift; sourceTree = "<group>"; };
		C803EAAA211203E300D7A0DB /* ToDoListViewController.swift */ = {isa = PBXFileReference; lastKnownFileType = sourcecode.swift; path = ToDoListViewController.swift; sourceTree = "<group>"; };
		C803EAAD211203E300D7A0DB /* Base */ = {isa = PBXFileReference; lastKnownFileType = file.storyboard; name = Base; path = Base.lproj/Main.storyboard; sourceTree = "<group>"; };
		C803EAAF211203E500D7A0DB /* Assets.xcassets */ = {isa = PBXFileReference; lastKnownFileType = folder.assetcatalog; path = Assets.xcassets; sourceTree = "<group>"; };
		C803EAB2211203E500D7A0DB /* Base */ = {isa = PBXFileReference; lastKnownFileType = file.storyboard; name = Base; path = Base.lproj/LaunchScreen.storyboard; sourceTree = "<group>"; };
		C803EAB4211203E500D7A0DB /* Info.plist */ = {isa = PBXFileReference; lastKnownFileType = text.plist.xml; path = Info.plist; sourceTree = "<group>"; };
		C808D0FB212EF4A20092CCD8 /* SwipeTableViewController.swift */ = {isa = PBXFileReference; lastKnownFileType = sourcecode.swift; path = SwipeTableViewController.swift; sourceTree = "<group>"; };
		C88C74BB212D8D7900B048DF /* Item.swift */ = {isa = PBXFileReference; lastKnownFileType = sourcecode.swift; path = Item.swift; sourceTree = "<group>"; };
		C88C74BD212D8D8500B048DF /* Category.swift */ = {isa = PBXFileReference; lastKnownFileType = sourcecode.swift; path = Category.swift; sourceTree = "<group>"; };
		C8EE9B61212B20A2007F7366 /* CategoryViewController.swift */ = {isa = PBXFileReference; lastKnownFileType = sourcecode.swift; path = CategoryViewController.swift; sourceTree = "<group>"; };
		F5145D3522B0880CD8737CF3 /* Pods_Todoey.framework */ = {isa = PBXFileReference; explicitFileType = wrapper.framework; includeInIndex = 0; path = Pods_Todoey.framework; sourceTree = BUILT_PRODUCTS_DIR; };
/* End PBXFileReference section */

/* Begin PBXFrameworksBuildPhase section */
		C803EAA2211203E300D7A0DB /* Frameworks */ = {
			isa = PBXFrameworksBuildPhase;
			buildActionMask = 2147483647;
			files = (
				A9475CAE3CA59ABED9422E06 /* Pods_Todoey.framework in Frameworks */,
			);
			runOnlyForDeploymentPostprocessing = 0;
		};
/* End PBXFrameworksBuildPhase section */

/* Begin PBXGroup section */
		4A978019F7C352E8B9F75E12 /* Frameworks */ = {
			isa = PBXGroup;
			children = (
				F5145D3522B0880CD8737CF3 /* Pods_Todoey.framework */,
			);
			name = Frameworks;
			sourceTree = "<group>";
		};
		5C92B969F774CB3EE65D086B /* Pods */ = {
			isa = PBXGroup;
			children = (
				B1EAB368CC315376EE0C2FFF /* Pods-Todoey.debug.xcconfig */,
				63A431A55E262113F9F55573 /* Pods-Todoey.release.xcconfig */,
			);
			name = Pods;
			sourceTree = "<group>";
		};
		C803EA9C211203E300D7A0DB = {
			isa = PBXGroup;
			children = (
				C803EAA7211203E300D7A0DB /* Todoey */,
				C803EAA6211203E300D7A0DB /* Products */,
				5C92B969F774CB3EE65D086B /* Pods */,
				4A978019F7C352E8B9F75E12 /* Frameworks */,
			);
			sourceTree = "<group>";
		};
		C803EAA6211203E300D7A0DB /* Products */ = {
			isa = PBXGroup;
			children = (
				C803EAA5211203E300D7A0DB /* Todoey.app */,
			);
			name = Products;
			sourceTree = "<group>";
		};
		C803EAA7211203E300D7A0DB /* Todoey */ = {
			isa = PBXGroup;
			children = (
				C803EAA8211203E300D7A0DB /* AppDelegate.swift */,
				C805CD3E21285D2700D4CA6A /* Data Model */,
				C805CD3F21285D5F00D4CA6A /* Controllers */,
				C805CD4021285D7600D4CA6A /* Views */,
				C805CD4121285D9900D4CA6A /* Supporting Files */,
				C803EAB4211203E500D7A0DB /* Info.plist */,
			);
			path = Todoey;
			sourceTree = "<group>";
		};
		C805CD3E21285D2700D4CA6A /* Data Model */ = {
			isa = PBXGroup;
			children = (
				C88C74BD212D8D8500B048DF /* Category.swift */,
				C88C74BB212D8D7900B048DF /* Item.swift */,
			);
			path = "Data Model";
			sourceTree = "<group>";
		};
		C805CD3F21285D5F00D4CA6A /* Controllers */ = {
			isa = PBXGroup;
			children = (
				C808D0FB212EF4A20092CCD8 /* SwipeTableViewController.swift */,
				C8EE9B61212B20A2007F7366 /* CategoryViewController.swift */,
				C803EAAA211203E300D7A0DB /* ToDoListViewController.swift */,
			);
			path = Controllers;
			sourceTree = "<group>";
		};
		C805CD4021285D7600D4CA6A /* Views */ = {
			isa = PBXGroup;
			children = (
				C803EAAC211203E300D7A0DB /* Main.storyboard */,
			);
			path = Views;
			sourceTree = "<group>";
		};
		C805CD4121285D9900D4CA6A /* Supporting Files */ = {
			isa = PBXGroup;
			children = (
				C803EAAF211203E500D7A0DB /* Assets.xcassets */,
				C803EAB1211203E500D7A0DB /* LaunchScreen.storyboard */,
			);
			path = "Supporting Files";
			sourceTree = "<group>";
		};
/* End PBXGroup section */

/* Begin PBXNativeTarget section */
		C803EAA4211203E300D7A0DB /* Todoey */ = {
			isa = PBXNativeTarget;
			buildConfigurationList = C803EAB7211203E500D7A0DB /* Build configuration list for PBXNativeTarget "Todoey" */;
			buildPhases = (
				2F7D72FEF94621594F78815A /* [CP] Check Pods Manifest.lock */,
				C803EAA1211203E300D7A0DB /* Sources */,
				C803EAA2211203E300D7A0DB /* Frameworks */,
				C803EAA3211203E300D7A0DB /* Resources */,
				EFD4D3F708B877686A980FE7 /* [CP] Embed Pods Frameworks */,
			);
			buildRules = (
			);
			dependencies = (
			);
			name = Todoey;
			productName = Todoey;
			productReference = C803EAA5211203E300D7A0DB /* Todoey.app */;
			productType = "com.apple.product-type.application";
		};
/* End PBXNativeTarget section */

/* Begin PBXProject section */
		C803EA9D211203E300D7A0DB /* Project object */ = {
			isa = PBXProject;
			attributes = {
				LastSwiftUpdateCheck = 0940;
				LastUpgradeCheck = 0940;
				ORGANIZATIONNAME = "Holger Ferrero";
				TargetAttributes = {
					C803EAA4211203E300D7A0DB = {
						CreatedOnToolsVersion = 9.4.1;
					};
				};
			};
			buildConfigurationList = C803EAA0211203E300D7A0DB /* Build configuration list for PBXProject "Todoey" */;
			compatibilityVersion = "Xcode 9.3";
			developmentRegion = en;
			hasScannedForEncodings = 0;
			knownRegions = (
				en,
				Base,
			);
			mainGroup = C803EA9C211203E300D7A0DB;
			productRefGroup = C803EAA6211203E300D7A0DB /* Products */;
			projectDirPath = "";
			projectRoot = "";
			targets = (
				C803EAA4211203E300D7A0DB /* Todoey */,
			);
		};
/* End PBXProject section */

/* Begin PBXResourcesBuildPhase section */
		C803EAA3211203E300D7A0DB /* Resources */ = {
			isa = PBXResourcesBuildPhase;
			buildActionMask = 2147483647;
			files = (
				C803EAB3211203E500D7A0DB /* LaunchScreen.storyboard in Resources */,
				C803EAB0211203E500D7A0DB /* Assets.xcassets in Resources */,
				C803EAAE211203E300D7A0DB /* Main.storyboard in Resources */,
			);
			runOnlyForDeploymentPostprocessing = 0;
		};
/* End PBXResourcesBuildPhase section */

/* Begin PBXShellScriptBuildPhase section */
		2F7D72FEF94621594F78815A /* [CP] Check Pods Manifest.lock */ = {
			isa = PBXShellScriptBuildPhase;
			buildActionMask = 2147483647;
			files = (
			);
			inputPaths = (
				"${PODS_PODFILE_DIR_PATH}/Podfile.lock",
				"${PODS_ROOT}/Manifest.lock",
			);
			name = "[CP] Check Pods Manifest.lock";
			outputPaths = (
				"$(DERIVED_FILE_DIR)/Pods-Todoey-checkManifestLockResult.txt",
			);
			runOnlyForDeploymentPostprocessing = 0;
			shellPath = /bin/sh;
			shellScript = "diff \"${PODS_PODFILE_DIR_PATH}/Podfile.lock\" \"${PODS_ROOT}/Manifest.lock\" > /dev/null\nif [ $? != 0 ] ; then\n    # print error to STDERR\n    echo \"error: The sandbox is not in sync with the Podfile.lock. Run 'pod install' or update your CocoaPods installation.\" >&2\n    exit 1\nfi\n# This output is used by Xcode 'outputs' to avoid re-running this script phase.\necho \"SUCCESS\" > \"${SCRIPT_OUTPUT_FILE_0}\"\n";
			showEnvVarsInLog = 0;
		};
		EFD4D3F708B877686A980FE7 /* [CP] Embed Pods Frameworks */ = {
			isa = PBXShellScriptBuildPhase;
			buildActionMask = 2147483647;
			files = (
			);
			inputPaths = (
				"${SRCROOT}/Pods/Target Support Files/Pods-Todoey/Pods-Todoey-frameworks.sh",
				"${BUILT_PRODUCTS_DIR}/Realm/Realm.framework",
				"${BUILT_PRODUCTS_DIR}/RealmSwift/RealmSwift.framework",
				"${BUILT_PRODUCTS_DIR}/SwipeCellKit/SwipeCellKit.framework",
			);
			name = "[CP] Embed Pods Frameworks";
			outputPaths = (
				"${TARGET_BUILD_DIR}/${FRAMEWORKS_FOLDER_PATH}/Realm.framework",
				"${TARGET_BUILD_DIR}/${FRAMEWORKS_FOLDER_PATH}/RealmSwift.framework",
				"${TARGET_BUILD_DIR}/${FRAMEWORKS_FOLDER_PATH}/SwipeCellKit.framework",
			);
			runOnlyForDeploymentPostprocessing = 0;
			shellPath = /bin/sh;
			shellScript = "\"${SRCROOT}/Pods/Target Support Files/Pods-Todoey/Pods-Todoey-frameworks.sh\"\n";
			showEnvVarsInLog = 0;
		};
/* End PBXShellScriptBuildPhase section */

/* Begin PBXSourcesBuildPhase section */
		C803EAA1211203E300D7A0DB /* Sources */ = {
			isa = PBXSourcesBuildPhase;
			buildActionMask = 2147483647;
			files = (
				C88C74BC212D8D7900B048DF /* Item.swift in Sources */,
				C8EE9B62212B20A2007F7366 /* CategoryViewController.swift in Sources */,
				C803EAAB211203E300D7A0DB /* ToDoListViewController.swift in Sources */,
				C803EAA9211203E300D7A0DB /* AppDelegate.swift in Sources */,
				C808D0FC212EF4A20092CCD8 /* SwipeTableViewController.swift in Sources */,
				C88C74BE212D8D8500B048DF /* Category.swift in Sources */,
			);
			runOnlyForDeploymentPostprocessing = 0;
		};
/* End PBXSourcesBuildPhase section */

/* Begin PBXVariantGroup section */
		C803EAAC211203E300D7A0DB /* Main.storyboard */ = {
			isa = PBXVariantGroup;
			children = (
				C803EAAD211203E300D7A0DB /* Base */,
			);
			name = Main.storyboard;
			sourceTree = "<group>";
		};
		C803EAB1211203E500D7A0DB /* LaunchScreen.storyboard */ = {
			isa = PBXVariantGroup;
			children = (
				C803EAB2211203E500D7A0DB /* Base */,
			);
			name = LaunchScreen.storyboard;
			sourceTree = "<group>";
		};
/* End PBXVariantGroup section */

/* Begin XCBuildConfiguration section */
		C803EAB5211203E500D7A0DB /* Debug */ = {
			isa = XCBuildConfiguration;
			buildSettings = {
				ALWAYS_SEARCH_USER_PATHS = NO;
				CLANG_ANALYZER_NONNULL = YES;
				CLANG_ANALYZER_NUMBER_OBJECT_CONVERSION = YES_AGGRESSIVE;
				CLANG_CXX_LANGUAGE_STANDARD = "gnu++14";
				CLANG_CXX_LIBRARY = "libc++";
				CLANG_ENABLE_MODULES = YES;
				CLANG_ENABLE_OBJC_ARC = YES;
				CLANG_ENABLE_OBJC_WEAK = YES;
				CLANG_WARN_BLOCK_CAPTURE_AUTORELEASING = YES;
				CLANG_WARN_BOOL_CONVERSION = YES;
				CLANG_WARN_COMMA = YES;
				CLANG_WARN_CONSTANT_CONVERSION = YES;
				CLANG_WARN_DEPRECATED_OBJC_IMPLEMENTATIONS = YES;
				CLANG_WARN_DIRECT_OBJC_ISA_USAGE = YES_ERROR;
				CLANG_WARN_DOCUMENTATION_COMMENTS = YES;
				CLANG_WARN_EMPTY_BODY = YES;
				CLANG_WARN_ENUM_CONVERSION = YES;
				CLANG_WARN_INFINITE_RECURSION = YES;
				CLANG_WARN_INT_CONVERSION = YES;
				CLANG_WARN_NON_LITERAL_NULL_CONVERSION = YES;
				CLANG_WARN_OBJC_IMPLICIT_RETAIN_SELF = YES;
				CLANG_WARN_OBJC_LITERAL_CONVERSION = YES;
				CLANG_WARN_OBJC_ROOT_CLASS = YES_ERROR;
				CLANG_WARN_RANGE_LOOP_ANALYSIS = YES;
				CLANG_WARN_STRICT_PROTOTYPES = YES;
				CLANG_WARN_SUSPICIOUS_MOVE = YES;
				CLANG_WARN_UNGUARDED_AVAILABILITY = YES_AGGRESSIVE;
				CLANG_WARN_UNREACHABLE_CODE = YES;
				CLANG_WARN__DUPLICATE_METHOD_MATCH = YES;
				CODE_SIGN_IDENTITY = "iPhone Developer";
				COPY_PHASE_STRIP = NO;
				DEBUG_INFORMATION_FORMAT = dwarf;
				ENABLE_STRICT_OBJC_MSGSEND = YES;
				ENABLE_TESTABILITY = YES;
				GCC_C_LANGUAGE_STANDARD = gnu11;
				GCC_DYNAMIC_NO_PIC = NO;
				GCC_NO_COMMON_BLOCKS = YES;
				GCC_OPTIMIZATION_LEVEL = 0;
				GCC_PREPROCESSOR_DEFINITIONS = (
					"DEBUG=1",
					"$(inherited)",
				);
				GCC_WARN_64_TO_32_BIT_CONVERSION = YES;
				GCC_WARN_ABOUT_RETURN_TYPE = YES_ERROR;
				GCC_WARN_UNDECLARED_SELECTOR = YES;
				GCC_WARN_UNINITIALIZED_AUTOS = YES_AGGRESSIVE;
				GCC_WARN_UNUSED_FUNCTION = YES;
				GCC_WARN_UNUSED_VARIABLE = YES;
				IPHONEOS_DEPLOYMENT_TARGET = 11.4;
				MTL_ENABLE_DEBUG_INFO = YES;
				ONLY_ACTIVE_ARCH = YES;
				SDKROOT = iphoneos;
				SWIFT_ACTIVE_COMPILATION_CONDITIONS = DEBUG;
				SWIFT_OPTIMIZATION_LEVEL = "-Onone";
			};
			name = Debug;
		};
		C803EAB6211203E500D7A0DB /* Release */ = {
			isa = XCBuildConfiguration;
			buildSettings = {
				ALWAYS_SEARCH_USER_PATHS = NO;
				CLANG_ANALYZER_NONNULL = YES;
				CLANG_ANALYZER_NUMBER_OBJECT_CONVERSION = YES_AGGRESSIVE;
				CLANG_CXX_LANGUAGE_STANDARD = "gnu++14";
				CLANG_CXX_LIBRARY = "libc++";
				CLANG_ENABLE_MODULES = YES;
				CLANG_ENABLE_OBJC_ARC = YES;
				CLANG_ENABLE_OBJC_WEAK = YES;
				CLANG_WARN_BLOCK_CAPTURE_AUTORELEASING = YES;
				CLANG_WARN_BOOL_CONVERSION = YES;
				CLANG_WARN_COMMA = YES;
				CLANG_WARN_CONSTANT_CONVERSION = YES;
				CLANG_WARN_DEPRECATED_OBJC_IMPLEMENTATIONS = YES;
				CLANG_WARN_DIRECT_OBJC_ISA_USAGE = YES_ERROR;
				CLANG_WARN_DOCUMENTATION_COMMENTS = YES;
				CLANG_WARN_EMPTY_BODY = YES;
				CLANG_WARN_ENUM_CONVERSION = YES;
				CLANG_WARN_INFINITE_RECURSION = YES;
				CLANG_WARN_INT_CONVERSION = YES;
				CLANG_WARN_NON_LITERAL_NULL_CONVERSION = YES;
				CLANG_WARN_OBJC_IMPLICIT_RETAIN_SELF = YES;
				CLANG_WARN_OBJC_LITERAL_CONVERSION = YES;
				CLANG_WARN_OBJC_ROOT_CLASS = YES_ERROR;
				CLANG_WARN_RANGE_LOOP_ANALYSIS = YES;
				CLANG_WARN_STRICT_PROTOTYPES = YES;
				CLANG_WARN_SUSPICIOUS_MOVE = YES;
				CLANG_WARN_UNGUARDED_AVAILABILITY = YES_AGGRESSIVE;
				CLANG_WARN_UNREACHABLE_CODE = YES;
				CLANG_WARN__DUPLICATE_METHOD_MATCH = YES;
				CODE_SIGN_IDENTITY = "iPhone Developer";
				COPY_PHASE_STRIP = NO;
				DEBUG_INFORMATION_FORMAT = "dwarf-with-dsym";
				ENABLE_NS_ASSERTIONS = NO;
				ENABLE_STRICT_OBJC_MSGSEND = YES;
				GCC_C_LANGUAGE_STANDARD = gnu11;
				GCC_NO_COMMON_BLOCKS = YES;
				GCC_WARN_64_TO_32_BIT_CONVERSION = YES;
				GCC_WARN_ABOUT_RETURN_TYPE = YES_ERROR;
				GCC_WARN_UNDECLARED_SELECTOR = YES;
				GCC_WARN_UNINITIALIZED_AUTOS = YES_AGGRESSIVE;
				GCC_WARN_UNUSED_FUNCTION = YES;
				GCC_WARN_UNUSED_VARIABLE = YES;
				IPHONEOS_DEPLOYMENT_TARGET = 11.4;
				MTL_ENABLE_DEBUG_INFO = NO;
				SDKROOT = iphoneos;
				SWIFT_COMPILATION_MODE = wholemodule;
				SWIFT_OPTIMIZATION_LEVEL = "-O";
				VALIDATE_PRODUCT = YES;
			};
			name = Release;
		};
		C803EAB8211203E500D7A0DB /* Debug */ = {
			isa = XCBuildConfiguration;
			baseConfigurationReference = B1EAB368CC315376EE0C2FFF /* Pods-Todoey.debug.xcconfig */;
			buildSettings = {
				ASSETCATALOG_COMPILER_APPICON_NAME = AppIcon;
				CODE_SIGN_STYLE = Automatic;
				INFOPLIST_FILE = Todoey/Info.plist;
				LD_RUNPATH_SEARCH_PATHS = (
					"$(inherited)",
					"@executable_path/Frameworks",
				);
				PRODUCT_BUNDLE_IDENTIFIER = com.holgerferrero.Todoey;
				PRODUCT_NAME = "$(TARGET_NAME)";
				SWIFT_VERSION = 4.0;
				TARGETED_DEVICE_FAMILY = "1,2";
			};
			name = Debug;
		};
		C803EAB9211203E500D7A0DB /* Release */ = {
			isa = XCBuildConfiguration;
			baseConfigurationReference = 63A431A55E262113F9F55573 /* Pods-Todoey.release.xcconfig */;
			buildSettings = {
				ASSETCATALOG_COMPILER_APPICON_NAME = AppIcon;
				CODE_SIGN_STYLE = Automatic;
				INFOPLIST_FILE = Todoey/Info.plist;
				LD_RUNPATH_SEARCH_PATHS = (
					"$(inherited)",
					"@executable_path/Frameworks",
				);
				PRODUCT_BUNDLE_IDENTIFIER = com.holgerferrero.Todoey;
				PRODUCT_NAME = "$(TARGET_NAME)";
				SWIFT_VERSION = 4.0;
				TARGETED_DEVICE_FAMILY = "1,2";
			};
			name = Release;
		};
/* End XCBuildConfiguration section */

/* Begin XCConfigurationList section */
		C803EAA0211203E300D7A0DB /* Build configuration list for PBXProject "Todoey" */ = {
			isa = XCConfigurationList;
			buildConfigurations = (
				C803EAB5211203E500D7A0DB /* Debug */,
				C803EAB6211203E500D7A0DB /* Release */,
			);
			defaultConfigurationIsVisible = 0;
			defaultConfigurationName = Release;
		};
		C803EAB7211203E500D7A0DB /* Build configuration list for PBXNativeTarget "Todoey" */ = {
			isa = XCConfigurationList;
			buildConfigurations = (
				C803EAB8211203E500D7A0DB /* Debug */,
				C803EAB9211203E500D7A0DB /* Release */,
			);
			defaultConfigurationIsVisible = 0;
			defaultConfigurationName = Release;
		};
/* End XCConfigurationList section */
	};
	rootObject = C803EA9D211203E300D7A0DB /* Project object */;
}
